
Microsoft Visual Studio Solution File, Format Version 12.00
# Visual Studio Version 16
VisualStudioVersion = 16.0.31105.61
MinimumVisualStudioVersion = 10.0.40219.1
Project("{FAE04EC0-301F-11D3-BF4B-00C04F79EFBC}") = "FixMameMsvc", "FixMameMsvc.csproj", "{A50108F5-6457-493A-A324-C678C77794FB}"
EndProject
Global
	GlobalSection(SolutionConfigurationPlatforms) = preSolution
		Debug|Any CPU = Debug|Any CPU
		Release|Any CPU = Release|Any CPU
	EndGlobalSection
	GlobalSection(ProjectConfigurationPlatforms) = postSolution
		{A50108F5-6457-493A-A324-C678C77794FB}.Debug|Any CPU.ActiveCfg = Debug|Any CPU
		{A50108F5-6457-493A-A324-C678C77794FB}.Debug|Any CPU.Build.0 = Debug|Any CPU
		{A50108F5-6457-493A-A324-C678C77794FB}.Release|Any CPU.ActiveCfg = Release|Any CPU
		{A50108F5-6457-493A-A324-C678C77794FB}.Release|Any CPU.Build.0 = Release|Any CPU
	EndGlobalSection
	GlobalSection(SolutionProperties) = preSolution
		HideSolutionNode = FALSE
	EndGlobalSection
	GlobalSection(ExtensibilityGlobals) = postSolution
		SolutionGuid = {D2143E99-CF5C-495B-87B2-7FF87BA87824}
	EndGlobalSection
EndGlobal
